{
  "name": "chamada_nfc",
  "lockfileVersion": 2,
  "requires": true,
  "packages": {
    "": {
      "dependencies": {
        "daisyui": "^5.7.43"
      }
    },
    "node_modules/daisyui": {
      "version": "5.7.43",
      "resolved": "https://registry.npmjs.org/daisyui/-/daisyui-5.7.43.tgz",
      "integrity": "sha512-o80D/SaF70gWppzpfk1X01ApWjVeqEEARbySaC0hWzIQymMqStcp28e+5lTWErHIfOk8RqGkD8ozA4v9tI4MZA==",
      "funding": {
        "url": "https://github.com/saadeghi/daisyui?sponsor=1"
      }
    }
  },
  "dependencies": {
    "daisyui": {
      "version": "5.7.43",
      "resolved": "https://registry.npmjs.org/daisyui/-/daisyui-5.7.43.tgz",
      "integrity": "sha512-o80D/SaF70gWppzpfk1X01ApWjVeqEEARbySaC0hWzIQymMqStcp28e+5lTWErHIfOk8RqGkD8ozA4v9tI4MZA=="
    }
  }
}
